# THIS IS AN AUTOGENERATED FILE. DO NOT EDIT THIS FILE DIRECTLY.
# yarn lockfile v1


"@babel/runtime@^7.20.13":
  version "7.21.0"
  resolved "https://registry.yarnpkg.com/@babel/runtime/-/runtime-7.21.0.tgz#5b55c9d394e5fcf304909a8b00c07dc217b56673"
  integrity sha512-xwII0//EObnq89Ji5AKYQaRYiW/nZ3llSv29d49IuxPhKbtJoLP+9QUUZ4nVragQVtaVGeZrpB+ZtG/Pdy/POw==
  dependencies:
    regenerator-runtime "^0.13.11"

"@node-rs/argon2-android-arm-eabi@1.3.0":
  version "1.3.0"
  resolved "https://registry.yarnpkg.com/@node-rs/argon2-android-arm-eabi/-/argon2-android-arm-eabi-1.3.0.tgz#7d0622b2ec0713a3f238940c6543ca192cf35d2d"
  integrity sha512-wyKcV5clr8P26Y02S2uGWsW/42XXqqbsj2zkrv4kVr9elZNMV5g2tVSxNHvQQuBISDBDY1F/6K9KDkb4jaAi6g==

"@node-rs/argon2-android-arm64@1.3.0":
  version "1.3.0"
  resolved "https://registry.yarnpkg.com/@node-rs/argon2-android-arm64/-/argon2-android-arm64-1.3.0.tgz#19b593e37f3323c74a3159b911e1a4dc5f599c71"
  integrity sha512-gz6WNtPXzxlouScCf7Lkmk8gphpSz3Yv486X6oG7cGNh7gPq9Hnud7tL/MaV1MwWVlbXAfgfwuaTPM97I9CdRA==

"@node-rs/argon2-darwin-arm64@1.3.0":
  version "1.3.0"
  resolved "https://registry.yarnpkg.com/@node-rs/argon2-darwin-arm64/-/argon2-darwin-arm64-1.3.0.tgz#5da18118861b6a5acb42abee91ffc4bb23ff87c1"
  integrity sha512-ZD7f0xVtkTz2S5uks8thQkSvmIot/9lXw1bb7HrDXgu+b1JnlxT5Put6AAgTRu8ZHdR28/2fKx7bkLjLQeUICQ==

"@node-rs/argon2-darwin-x64@1.3.0":
  version "1.3.0"
  resolved "https://registry.yarnpkg.com/@node-rs/argon2-darwin-x64/-/argon2-darwin-x64-1.3.0.tgz#3c45b694ebec0c8bbe646ee03cf5dd8eb9a47370"
  integrity sha512-HiRCajZsA5lCV1Ivg65ar3/EJph1GFHkRfRENgSA6y0LkE3SjaLDizW2aNXhXuKiCKEBXZbdJ/g6tVrMXpwx0Q==

"@node-rs/argon2-freebsd-x64@1.3.0":
  version "1.3.0"
  resolved "https://registry.yarnpkg.com/@node-rs/argon2-freebsd-x64/-/argon2-freebsd-x64-1.3.0.tgz#fcee99a69fd8672fb080c321ca9b51e81822ec0b"
  integrity sha512-c7jvxs8/zwuX1mRyMyTNS5BYXai5JI5vwkXGJfqI6G0xBkxBcCOTt/eW2wLi8+HvyI+OT21yHxfkYpoTOmrvjQ==

"@node-rs/argon2-linux-arm-gnueabihf@1.3.0":
  version "1.3.0"
  resolved "https://registry.yarnpkg.com/@node-rs/argon2-linux-arm-gnueabihf/-/argon2-linux-arm-gnueabihf-1.3.0.tgz#04d9d6fb5e1a3d4219ef658c4614783e8e932f43"
  integrity sha512-+f6mkIvk+bRjoOwri+4kugSLZm8mWaBV6AnN4OXIioFCVJVBs7vQAdNDsXqVp8n4ICbeJwLvRJZbo95e5LHy7g==

"@node-rs/argon2-linux-arm64-gnu@1.3.0":
  version "1.3.0"
  resolved "https://registry.yarnpkg.com/@node-rs/argon2-linux-arm64-gnu/-/argon2-linux-arm64-gnu-1.3.0.tgz#a0ef8b19185acdc3eb1464a5acc69643e01f19ca"
  integrity sha512-TFke2MxgGQSTz1uw3NlYpoML2E0QHeMk8GUWYImFeboNDKc2EGKnIw4iy+Nku8dhZYmSncfp10bg386eTCFy4g==

"@node-rs/argon2-linux-arm64-musl@1.3.0":
  version "1.3.0"
  resolved "https://registry.yarnpkg.com/@node-rs/argon2-linux-arm64-musl/-/argon2-linux-arm64-musl-1.3.0.tgz#7597420461add11c2ac1d29e83b312cc3d6a84b4"
  integrity sha512-YaTBQtmeaKYFsTdkvX0OP7NJY0icVNMfbvgM8E1lBuXbPxLjNo1LbczS7B+ypZevaeP6LHrRInblP7gOFxieAA==

"@node-rs/argon2-linux-x64-gnu@1.3.0":
  version "1.3.0"
  resolved "https://registry.yarnpkg.com/@node-rs/argon2-linux-x64-gnu/-/argon2-linux-x64-gnu-1.3.0.tgz#0bcd0dcf47ddfa703940c5c69b786a37cbabcedd"
  integrity sha512-5DmP9U+MlLKbFYt692Lpv9VsCJZNCEK8ox8Glq4krmvniNfbHSvAydTsLp80QxtKK3YkJHEj580txzUT8jB77w==

"@node-rs/argon2-linux-x64-musl@1.3.0":
  version "1.3.0"
  resolved "https://registry.yarnpkg.com/@node-rs/argon2-linux-x64-musl/-/argon2-linux-x64-musl-1.3.0.tgz#19f977254368833ad5aeb96d530507ae6ebd6307"
  integrity sha512-Yd30iBLIqVhmjQPkFQlM1cfG0C5TQa9pMh/qHP8D65TZITffR4eO/sqPu63rRsvTi492KLzIazCdHl/ZePBAFA==

"@node-rs/argon2-win32-arm64-msvc@1.3.0":
  version "1.3.0"
  resolved "https://registry.yarnpkg.com/@node-rs/argon2-win32-arm64-msvc/-/argon2-win32-arm64-msvc-1.3.0.tgz#9e8780e00d6b49ba19fb96a580efb8222881631c"
  integrity sha512-3Et6I29ME53p2KJI1BBkFtYU3U3eZNrSEp5am3amhiDwYnt+dLXavONh3IWOyubdhMNEcUL9LQb/Cgt0iUFv4g==

"@node-rs/argon2-win32-ia32-msvc@1.3.0":
  version "1.3.0"
  resolved "https://registry.yarnpkg.com/@node-rs/argon2-win32-ia32-msvc/-/argon2-win32-ia32-msvc-1.3.0.tgz#17eb088a3a08c5dfef1f69d86df4486352dafe99"
  integrity sha512-hxpP+GNzzzaSe5h4144LnW6vLjTzc8twqmycoeSd5XNFIcafWy0sfxyJBI8oLcuX83dd16AlYUbL9jtOer2v6Q==

"@node-rs/argon2-win32-x64-msvc@1.3.0":
  version "1.3.0"
  resolved "https://registry.yarnpkg.com/@node-rs/argon2-win32-x64-msvc/-/argon2-win32-x64-msvc-1.3.0.tgz#50330a945bcf18e543bdda6ea095616ca9b7c786"
  integrity sha512-/i6J0qIBqm1L8eqdMCR2L2KJtEtuRRcY33Li4+Vl/WW53xrMzI4WNqTbKvxZAgQU/RUsRfsmu/0AEITB+0hGcg==

"@node-rs/argon2@^1.3.0":
  version "1.3.0"
  resolved "https://registry.yarnpkg.com/@node-rs/argon2/-/argon2-1.3.0.tgz#4f06d0ca207ee965855ded707647352af1b5218b"
  integrity sha512-vryKPptdMCQpxF9/xy/4JkPfUKjz4WIKoufYNzhWykY/Fqf9vyzqn4nlm4FsQ2Z/2AF7ZCep3kXomfFjR+ZnvQ==
  optionalDependencies:
    "@node-rs/argon2-android-arm-eabi" "1.3.0"
    "@node-rs/argon2-android-arm64" "1.3.0"
    "@node-rs/argon2-darwin-arm64" "1.3.0"
    "@node-rs/argon2-darwin-x64" "1.3.0"
    "@node-rs/argon2-freebsd-x64" "1.3.0"
    "@node-rs/argon2-linux-arm-gnueabihf" "1.3.0"
    "@node-rs/argon2-linux-arm64-gnu" "1.3.0"
    "@node-rs/argon2-linux-arm64-musl" "1.3.0"
    "@node-rs/argon2-linux-x64-gnu" "1.3.0"
    "@node-rs/argon2-linux-x64-musl" "1.3.0"
    "@node-rs/argon2-win32-arm64-msvc" "1.3.0"
    "@node-rs/argon2-win32-ia32-msvc" "1.3.0"
    "@node-rs/argon2-win32-x64-msvc" "1.3.0"

"@panva/hkdf@^1.0.2":
  version "1.0.4"
  resolved "https://registry.yarnpkg.com/@panva/hkdf/-/hkdf-1.0.4.tgz#4e02bb248402ff6c5c024e23a68438e2b0e69d67"
  integrity sha512-003xWiCuvePbLaPHT+CRuaV4GlyCAVm6XYSbBZDHoWZGn1mNkVKFaDbGJjjxmEFvizUwlCoM6O18FCBMMky2zQ==

"@sanity/client@^5.2.2":
  version "5.2.2"
  resolved "https://registry.yarnpkg.com/@sanity/client/-/client-5.2.2.tgz#f453cb88f874e8892d3e0bccbdcdb5d994f0d169"
  integrity sha512-AhOLSIZI0IO6/vDYYQekhAokqiAmDW2bVvNx3xW8T2hpJLRKHsw98Y+iOcX4dnH6y1Y7IO6upgb76D35xa2Szg==
  dependencies:
    "@sanity/eventsource" "^4"
    get-it "^8"
    rxjs "^7"

"@sanity/eventsource@^4":
  version "4.0.0"
  resolved "https://registry.yarnpkg.com/@sanity/eventsource/-/eventsource-4.0.0.tgz#ec9c352e87a2f79db8d25eedbb009ced21ec2e97"
  integrity sha512-W0AD141JILOySJ177j2+HTr5k4tWNyXjGsr0dDXJzpqlwZ09J/uPHI73hMe5XtoFumPa9Bj6jy8uu2qdZX84NQ==
  dependencies:
    event-source-polyfill "1.0.25"
    eventsource "^2.0.2"

"@sanity/uuid@^3.0.1":
  version "3.0.1"
  resolved "https://registry.yarnpkg.com/@sanity/uuid/-/uuid-3.0.1.tgz#e688f5a1f909b3f2dea6f8d0ac922b64bb910234"
  integrity sha512-cfWq8l/M6TiDYlp2VYJR2MNdrl0u/lkYWjJVflLHsiGjG8SZKbbRSsfG1fn7rSvdZg+o/xfBlKCfhFTtEiXKJg==
  dependencies:
    "@types/uuid" "^8.0.0"
    uuid "^8.0.0"

"@types/lru-cache@^5.1.0":
  version "5.1.0"
  resolved "https://registry.yarnpkg.com/@types/lru-cache/-/lru-cache-5.1.0.tgz#57f228f2b80c046b4a1bd5cac031f81f207f4f03"
  integrity sha512-RaE0B+14ToE4l6UqdarKPnXwVDuigfFv+5j9Dze/Nqr23yyuqdNvzcZi3xB+3Agvi5R4EOgAksfv3lXX4vBt9w==

"@types/node@^14.14.41":
  version "14.14.41"
  resolved "https://registry.yarnpkg.com/@types/node/-/node-14.14.41.tgz#d0b939d94c1d7bd53d04824af45f1139b8c45615"
  integrity sha512-dueRKfaJL4RTtSa7bWeTK1M+VH+Gns73oCgzvYfHZywRCoPSd8EkXBL0mZ9unPTveBn+D9phZBaxuzpwjWkW0g==

"@types/uuid@^8.0.0":
  version "8.3.0"
  resolved "https://registry.yarnpkg.com/@types/uuid/-/uuid-8.3.0.tgz#215c231dff736d5ba92410e6d602050cce7e273f"
  integrity sha512-eQ9qFW/fhfGJF8WKHGEHZEyVWfZxrT+6CLIJGBcZPfxUh/+BnEj+UCGYMlr9qZuX/2AltsvwrGqp0LhEW8D0zQ==

cookie@^0.5.0:
  version "0.5.0"
  resolved "https://registry.yarnpkg.com/cookie/-/cookie-0.5.0.tgz#d1f5d71adec6558c58f389987c366aa47e994f8b"
  integrity sha512-YZ3GUyn/o8gfKJlnlX7g7xq4gyO6OSuhGPKaaGssGB2qgDUS0gPgtTvoyZLTt9Ab6dC4hfc9dV5arkvc/OCmrw==

core-util-is@~1.0.0:
  version "1.0.2"
  resolved "https://registry.yarnpkg.com/core-util-is/-/core-util-is-1.0.2.tgz#b5fd54220aa2bc5ab57aab7140c940754503c1a7"
  integrity sha1-tf1UIgqivFq1eqtxQMlAdUUDwac=

debug@^4.3.4:
  version "4.3.4"
  resolved "https://registry.yarnpkg.com/debug/-/debug-4.3.4.tgz#1319f6579357f2338d3337d2cdd4914bb5dcc865"
  integrity sha512-PRWFHuSU3eDtQJPvnNY7Jcket1j0t5OuOsFzPPzsekD52Zl8qUfFIPEiswXqIvHWGVHOgX+7G/vCNNhehwxfkQ==
  dependencies:
    ms "2.1.2"

decompress-response@^7.0.0:
  version "7.0.0"
  resolved "https://registry.yarnpkg.com/decompress-response/-/decompress-response-7.0.0.tgz#dc42107cc29a258aa8983fddc81c92351810f6fb"
  integrity sha512-6IvPrADQyyPGLpMnUh6kfKiqy7SrbXbjoUuZ90WMBJKErzv2pCiwlGEXjRX9/54OnTq+XFVnkOnOMzclLI5aEA==
  dependencies:
    mimic-response "^3.1.0"

event-source-polyfill@1.0.25:
  version "1.0.25"
  resolved "https://registry.yarnpkg.com/event-source-polyfill/-/event-source-polyfill-1.0.25.tgz#d8bb7f99cb6f8119c2baf086d9f6ee0514b6d9c8"
  integrity sha512-hQxu6sN1Eq4JjoI7ITdQeGGUN193A2ra83qC0Ltm9I2UJVAten3OFVN6k5RX4YWeCS0BoC8xg/5czOCIHVosQg==

eventsource@^2.0.2:
  version "2.0.2"
  resolved "https://registry.yarnpkg.com/eventsource/-/eventsource-2.0.2.tgz#76dfcc02930fb2ff339520b6d290da573a9e8508"
  integrity sha512-IzUmBGPR3+oUG9dUeXynyNmf91/3zUSJg1lCktzKw47OXuhco54U3r9B7O4XX+Rb1Itm9OZ2b0RkTs10bICOxA==

follow-redirects@^1.15.2:
  version "1.15.2"
  resolved "https://registry.yarnpkg.com/follow-redirects/-/follow-redirects-1.15.2.tgz#b460864144ba63f2681096f274c4e57026da2c13"
  integrity sha512-VQLG33o04KaQ8uYi2tVNbdrWp1QWxNNea+nmIB4EVM28v0hmP17z7aG1+wAkNzVq4KeXTq3221ye5qTJP91JwA==

from2@^2.3.0:
  version "2.3.0"
  resolved "https://registry.yarnpkg.com/from2/-/from2-2.3.0.tgz#8bfb5502bde4a4d36cfdeea007fcca21d7e382af"
  integrity sha512-OMcX/4IC/uqEPVgGeyfN22LJk6AZrMkRZHxcHBMBvHScDGgwTm2GT2Wkgtocyd3JfZffjj2kYUDXXII0Fk9W0g==
  dependencies:
    inherits "^2.0.1"
    readable-stream "^2.0.0"

get-it@^8:
  version "8.0.9"
  resolved "https://registry.yarnpkg.com/get-it/-/get-it-8.0.9.tgz#e48c1c826e6c72074907efb08094215d92ad470c"
  integrity sha512-Nm54soj8MEXTmkzAR0iWGP/TCAfsueOOWzBTvTB9ch0ubUE/5FbV7tAptbmsYzpk9QzA6zhcadqTCwP3prRfHw==
  dependencies:
    debug "^4.3.4"
    decompress-response "^7.0.0"
    follow-redirects "^1.15.2"
    into-stream "^6.0.0"
    is-plain-object "^5.0.0"
    is-retry-allowed "^2.2.0"
    is-stream "^2.0.1"
    parse-headers "^2.0.5"
    progress-stream "^2.0.0"
    tunnel-agent "^0.6.0"

groq@^2.2.6:
  version "2.2.6"
  resolved "https://registry.yarnpkg.com/groq/-/groq-2.2.6.tgz#8ec9f77b5beb5912c612b02e4beda1402a45e664"
  integrity sha512-UJ6zTwXYqp8PRrguMbYmBuFE+G4ZYdOeTT0qS1f35iQTb0ZfrbrzDiDRYk/N4ukuioAVjkLc8b0CECr1pk1uag==

inherits@^2.0.1, inherits@~2.0.3:
  version "2.0.4"
  resolved "https://registry.yarnpkg.com/inherits/-/inherits-2.0.4.tgz#0fa2c64f932917c3433a0ded55363aae37416b7c"
  integrity sha512-k/vGaX4/Yla3WzyMCvTQOXYeIHvqOKtnqBduzTHpzpQZzAskKMhZ2K+EnBiSM9zGSoIFeMpXKxa4dYeZIQqewQ==

into-stream@^6.0.0:
  version "6.0.0"
  resolved "https://registry.yarnpkg.com/into-stream/-/into-stream-6.0.0.tgz#4bfc1244c0128224e18b8870e85b2de8e66c6702"
  integrity sha512-XHbaOAvP+uFKUFsOgoNPRjLkwB+I22JFPFe5OjTkQ0nwgj6+pSjb4NmB6VMxaPshLiOf+zcpOCBQuLwC1KHhZA==
  dependencies:
    from2 "^2.3.0"
    p-is-promise "^3.0.0"

is-plain-object@^5.0.0:
  version "5.0.0"
  resolved "https://registry.yarnpkg.com/is-plain-object/-/is-plain-object-5.0.0.tgz#4427f50ab3429e9025ea7d52e9043a9ef4159344"
  integrity sha512-VRSzKkbMm5jMDoKLbltAkFQ5Qr7VDiTFGXxYFXXowVj387GeGNOCsOH6Msy00SGZ3Fp84b1Naa1psqgcCIEP5Q==

is-retry-allowed@^2.2.0:
  version "2.2.0"
  resolved "https://registry.yarnpkg.com/is-retry-allowed/-/is-retry-allowed-2.2.0.tgz#88f34cbd236e043e71b6932d09b0c65fb7b4d71d"
  integrity sha512-XVm7LOeLpTW4jV19QSH38vkswxoLud8sQ57YwJVTPWdiaI9I8keEhGFpBlslyVsgdQy4Opg8QOLb8YRgsyZiQg==

is-stream@^2.0.1:
  version "2.0.1"
  resolved "https://registry.yarnpkg.com/is-stream/-/is-stream-2.0.1.tgz#fac1e3d53b97ad5a9d0ae9cef2389f5810a5c077"
  integrity sha512-hFoiJiTl63nn+kstHGBtewWSKnQLpyb155KHheA1l39uvtO9nWIop1p3udqPcUd/xbF1VLMO4n7OI6p7RbngDg==

isarray@~1.0.0:
  version "1.0.0"
  resolved "https://registry.yarnpkg.com/isarray/-/isarray-1.0.0.tgz#bb935d48582cba168c06834957a54a3e07124f11"
  integrity sha1-u5NdSFgsuhaMBoNJV6VKPgcSTxE=

jose@^4.10.0, jose@^4.11.4:
  version "4.13.1"
  resolved "https://registry.yarnpkg.com/jose/-/jose-4.13.1.tgz#449111bb5ab171db85c03f1bd2cb1647ca06db1c"
  integrity sha512-MSJQC5vXco5Br38mzaQKiq9mwt7lwj2eXpgpRyQYNHYt2lq1PjkWa7DLXX0WVcQLE9HhMh3jPiufS7fhJf+CLQ==

lru-cache@^6.0.0:
  version "6.0.0"
  resolved "https://registry.yarnpkg.com/lru-cache/-/lru-cache-6.0.0.tgz#6d6fe6570ebd96aaf90fcad1dafa3b2566db3a94"
  integrity sha512-Jo6dJ04CmSjuznwJSS3pUeWmd/H0ffTlkXXgwZi+eq1UCmqQwCh+eLsYOYCwY991i2Fah4h1BEMCx4qThGbsiA==
  dependencies:
    yallist "^4.0.0"

mimic-response@^3.1.0:
  version "3.1.0"
  resolved "https://registry.yarnpkg.com/mimic-response/-/mimic-response-3.1.0.tgz#2d1d59af9c1b129815accc2c46a022a5ce1fa3c9"
  integrity sha512-z0yWI+4FDrrweS8Zmt4Ej5HdJmky15+L2e6Wgn3+iK5fWzb6T3fhNFq2+MeTRb064c6Wr4N/wv0DzQTjNzHNGQ==

ms@2.1.2:
  version "2.1.2"
  resolved "https://registry.yarnpkg.com/ms/-/ms-2.1.2.tgz#d09d1f357b443f493382a8eb3ccd183872ae6009"
  integrity sha512-sGkPx+VjMtmA6MX27oA4FBFELFCZZ4S4XqeGOXCv68tT+jb3vk/RyaKWP0PTKyWtmLSM0b+adUTEvbs1PEaH2w==

next-auth@^4.20.1:
  version "4.20.1"
  resolved "https://registry.yarnpkg.com/next-auth/-/next-auth-4.20.1.tgz#6e65c4fde14171f6ce64f05f672f80f39fc418c7"
  integrity sha512-ZcTUN4qzzZ/zJYgOW0hMXccpheWtAol8QOMdMts+LYRcsPGsqf2hEityyaKyECQVw1cWInb9dF3wYwI5GZdEmQ==
  dependencies:
    "@babel/runtime" "^7.20.13"
    "@panva/hkdf" "^1.0.2"
    cookie "^0.5.0"
    jose "^4.11.4"
    oauth "^0.9.15"
    openid-client "^5.4.0"
    preact "^10.6.3"
    preact-render-to-string "^5.1.19"
    uuid "^8.3.2"

oauth@^0.9.15:
  version "0.9.15"
  resolved "https://registry.yarnpkg.com/oauth/-/oauth-0.9.15.tgz#bd1fefaf686c96b75475aed5196412ff60cfb9c1"
  integrity sha512-a5ERWK1kh38ExDEfoO6qUHJb32rd7aYmPHuyCu3Fta/cnICvYmgd2uhuKXvPD+PXB+gCEYYEaQdIRAjCOwAKNA==

object-hash@^2.0.1:
  version "2.2.0"
  resolved "https://registry.yarnpkg.com/object-hash/-/object-hash-2.2.0.tgz#5ad518581eefc443bd763472b8ff2e9c2c0d54a5"
  integrity sha512-gScRMn0bS5fH+IuwyIFgnh9zBdo4DV+6GhygmWM9HyNJSgS0hScp1f5vjtm7oIIOiT9trXrShAkLFSc2IqKNgw==

oidc-token-hash@^5.0.1:
  version "5.0.1"
  resolved "https://registry.yarnpkg.com/oidc-token-hash/-/oidc-token-hash-5.0.1.tgz#ae6beec3ec20f0fd885e5400d175191d6e2f10c6"
  integrity sha512-EvoOtz6FIEBzE+9q253HsLCVRiK/0doEJ2HCvvqMQb3dHZrP3WlJKYtJ55CRTw4jmYomzH4wkPuCj/I3ZvpKxQ==

openid-client@^5.4.0:
  version "5.4.0"
  resolved "https://registry.yarnpkg.com/openid-client/-/openid-client-5.4.0.tgz#77f1cda14e2911446f16ea3f455fc7c405103eac"
  integrity sha512-hgJa2aQKcM2hn3eyVtN12tEA45ECjTJPXCgUh5YzTzy9qwapCvmDTVPWOcWVL0d34zeQoQ/hbG9lJhl3AYxJlQ==
  dependencies:
    jose "^4.10.0"
    lru-cache "^6.0.0"
    object-hash "^2.0.1"
    oidc-token-hash "^5.0.1"

p-is-promise@^3.0.0:
  version "3.0.0"
  resolved "https://registry.yarnpkg.com/p-is-promise/-/p-is-promise-3.0.0.tgz#58e78c7dfe2e163cf2a04ff869e7c1dba64a5971"
  integrity sha512-Wo8VsW4IRQSKVXsJCn7TomUaVtyfjVDn3nUP7kE967BQk0CwFpdbZs0X0uk5sW9mkBa9eNM7hCMaG93WUAwxYQ==

parse-headers@^2.0.5:
  version "2.0.5"
  resolved "https://registry.yarnpkg.com/parse-headers/-/parse-headers-2.0.5.tgz#069793f9356a54008571eb7f9761153e6c770da9"
  integrity sha512-ft3iAoLOB/MlwbNXgzy43SWGP6sQki2jQvAyBg/zDFAgr9bfNWZIUj42Kw2eJIl8kEi4PbgE6U1Zau/HwI75HA==

preact-render-to-string@^5.1.19:
  version "5.2.6"
  resolved "https://registry.yarnpkg.com/preact-render-to-string/-/preact-render-to-string-5.2.6.tgz#0ff0c86cd118d30affb825193f18e92bd59d0604"
  integrity sha512-JyhErpYOvBV1hEPwIxc/fHWXPfnEGdRKxc8gFdAZ7XV4tlzyzG847XAyEZqoDnynP88akM4eaHcSOzNcLWFguw==
  dependencies:
    pretty-format "^3.8.0"

preact@^10.6.3:
  version "10.13.0"
  resolved "https://registry.yarnpkg.com/preact/-/preact-10.13.0.tgz#f8bd3cf257a4dbe41da71a52131b79916d4ca89d"
  integrity sha512-ERdIdUpR6doqdaSIh80hvzebHB7O6JxycOhyzAeLEchqOq/4yueslQbfnPwXaNhAYacFTyCclhwkEbOumT0tHw==

pretty-format@^3.8.0:
  version "3.8.0"
  resolved "https://registry.yarnpkg.com/pretty-format/-/pretty-format-3.8.0.tgz#bfbed56d5e9a776645f4b1ff7aa1a3ac4fa3c385"
  integrity sha512-WuxUnVtlWL1OfZFQFuqvnvs6MiAGk9UNsBostyBOB0Is9wb5uRESevA6rnl/rkksXaGX3GzZhPup5d6Vp1nFew==

process-nextick-args@~2.0.0:
  version "2.0.1"
  resolved "https://registry.yarnpkg.com/process-nextick-args/-/process-nextick-args-2.0.1.tgz#7820d9b16120cc55ca9ae7792680ae7dba6d7fe2"
  integrity sha512-3ouUOpQhtgrbOa17J7+uxOTpITYWaGP7/AhoR3+A+/1e9skrzelGi/dXzEYyvbxubEF6Wn2ypscTKiKJFFn1ag==

progress-stream@^2.0.0:
  version "2.0.0"
  resolved "https://registry.yarnpkg.com/progress-stream/-/progress-stream-2.0.0.tgz#fac63a0b3d11deacbb0969abcc93b214bce19ed5"
  integrity sha512-xJwOWR46jcXUq6EH9yYyqp+I52skPySOeHfkxOZ2IY1AiBi/sFJhbhAKHoV3OTw/omQ45KTio9215dRJ2Yxd3Q==
  dependencies:
    speedometer "~1.0.0"
    through2 "~2.0.3"

readable-stream@^2.0.0, readable-stream@~2.3.6:
  version "2.3.8"
  resolved "https://registry.yarnpkg.com/readable-stream/-/readable-stream-2.3.8.tgz#91125e8042bba1b9887f49345f6277027ce8be9b"
  integrity sha512-8p0AUk4XODgIewSi0l8Epjs+EVnWiK7NoDIEGU0HhE7+ZyY8D1IMY7odu5lRrFXGg71L15KG8QrPmum45RTtdA==
  dependencies:
    core-util-is "~1.0.0"
    inherits "~2.0.3"
    isarray "~1.0.0"
    process-nextick-args "~2.0.0"
    safe-buffer "~5.1.1"
    string_decoder "~1.1.1"
    util-deprecate "~1.0.1"

regenerator-runtime@^0.13.11:
  version "0.13.11"
  resolved "https://registry.yarnpkg.com/regenerator-runtime/-/regenerator-runtime-0.13.11.tgz#f6dca3e7ceec20590d07ada785636a90cdca17f9"
  integrity sha512-kY1AZVr2Ra+t+piVaJ4gxaFaReZVH40AKNo7UCX6W+dEwBo/2oZJzqfuN1qLq1oL45o56cPaTXELwrTh8Fpggg==

rxjs@^7:
  version "7.8.0"
  resolved "https://registry.yarnpkg.com/rxjs/-/rxjs-7.8.0.tgz#90a938862a82888ff4c7359811a595e14e1e09a4"
  integrity sha512-F2+gxDshqmIub1KdvZkaEfGDwLNpPvk9Fs6LD/MyQxNgMds/WH9OdDDXOmxUZpME+iSK3rQCctkL0DYyytUqMg==
  dependencies:
    tslib "^2.1.0"

safe-buffer@^5.0.1:
  version "5.2.1"
  resolved "https://registry.yarnpkg.com/safe-buffer/-/safe-buffer-5.2.1.tgz#1eaf9fa9bdb1fdd4ec75f58f9cdb4e6b7827eec6"
  integrity sha512-rp3So07KcdmmKbGvgaNxQSJr7bGVSVk5S9Eq1F+ppbRo70+YeaDxkw5Dd8NPN+GD6bjnYm2VuPuCXmpuYvmCXQ==

safe-buffer@~5.1.0, safe-buffer@~5.1.1:
  version "5.1.2"
  resolved "https://registry.yarnpkg.com/safe-buffer/-/safe-buffer-5.1.2.tgz#991ec69d296e0313747d59bdfd2b745c35f8828d"
  integrity sha512-Gd2UZBJDkXlY7GbJxfsE8/nvKkUEU1G38c1siN6QP6a9PT9MmHB8GnpscSmMJSoF8LOIrt8ud/wPtojys4G6+g==

speedometer@~1.0.0:
  version "1.0.0"
  resolved "https://registry.yarnpkg.com/speedometer/-/speedometer-1.0.0.tgz#cd671cb06752c22bca3370e2f334440be4fc62e2"
  integrity sha512-lgxErLl/7A5+vgIIXsh9MbeukOaCb2axgQ+bKCdIE+ibNT4XNYGNCR1qFEGq6F+YDASXK3Fh/c5FgtZchFolxw==

string_decoder@~1.1.1:
  version "1.1.1"
  resolved "https://registry.yarnpkg.com/string_decoder/-/string_decoder-1.1.1.tgz#9cf1611ba62685d7030ae9e4ba34149c3af03fc8"
  integrity sha512-n/ShnvDi6FHbbVfviro+WojiFzv+s8MPMHBczVePfUpDJLwoLT0ht1l4YwBCbi8pJAveEEdnkHyPyTP/mzRfwg==
  dependencies:
    safe-buffer "~5.1.0"

through2@~2.0.3:
  version "2.0.5"
  resolved "https://registry.yarnpkg.com/through2/-/through2-2.0.5.tgz#01c1e39eb31d07cb7d03a96a70823260b23132cd"
  integrity sha512-/mrRod8xqpA+IHSLyGCQ2s8SPHiCDEeQJSep1jqLYeEUClOFG2Qsh+4FU6G9VeqpZnGW/Su8LQGc4YKni5rYSQ==
  dependencies:
    readable-stream "~2.3.6"
    xtend "~4.0.1"

tslib@^2.1.0:
  version "2.5.0"
  resolved "https://registry.yarnpkg.com/tslib/-/tslib-2.5.0.tgz#42bfed86f5787aeb41d031866c8f402429e0fddf"
  integrity sha512-336iVw3rtn2BUK7ORdIAHTyxHGRIHVReokCR3XjbckJMK7ms8FysBfhLR8IXnAgy7T0PTPNBWKiH514FOW/WSg==

tunnel-agent@^0.6.0:
  version "0.6.0"
  resolved "https://registry.yarnpkg.com/tunnel-agent/-/tunnel-agent-0.6.0.tgz#27a5dea06b36b04a0a9966774b290868f0fc40fd"
  integrity sha512-McnNiV1l8RYeY8tBgEpuodCC1mLUdbSN+CYBL7kJsJNInOP8UjDDEwdk6Mw60vdLLrr5NHKZhMAOSrR2NZuQ+w==
  dependencies:
    safe-buffer "^5.0.1"

typescript@^4.2.4:
  version "4.2.4"
  resolved "https://registry.yarnpkg.com/typescript/-/typescript-4.2.4.tgz#8610b59747de028fda898a8aef0e103f156d0961"
  integrity sha512-V+evlYHZnQkaz8TRBuxTA92yZBPotr5H+WhQ7bD3hZUndx5tGOa1fuCgeSjxAzM1RiN5IzvadIXTVefuuwZCRg==

util-deprecate@~1.0.1:
  version "1.0.2"
  resolved "https://registry.yarnpkg.com/util-deprecate/-/util-deprecate-1.0.2.tgz#450d4dc9fa70de732762fbd2d4a28981419a0ccf"
  integrity sha1-RQ1Nyfpw3nMnYvvS1KKJgUGaDM8=

uuid@^8.0.0, uuid@^8.3.2:
  version "8.3.2"
  resolved "https://registry.yarnpkg.com/uuid/-/uuid-8.3.2.tgz#80d5b5ced271bb9af6c445f21a1a04c606cefbe2"
  integrity sha512-+NYs2QeMWy+GWFOEm9xnn6HCDp0l7QBD7ml8zLUmJ+93Q5NF0NocErnwkTkXVFNiX3/fpC6afS8Dhb/gz7R7eg==

xtend@~4.0.1:
  version "4.0.2"
  resolved "https://registry.yarnpkg.com/xtend/-/xtend-4.0.2.tgz#bb72779f5fa465186b1f438f674fa347fdb5db54"
  integrity sha512-LKYU1iAXJXUgAXn9URjiu+MWhyUXHsvfp7mcuYm9dSUKK0/CjtrUwFAxD82/mCWbtLsGjFIad0wIsod4zrTAEQ==

yallist@^4.0.0:
  version "4.0.0"
  resolved "https://registry.yarnpkg.com/yallist/-/yallist-4.0.0.tgz#9bb92790d9c0effec63be73519e11a35019a3a72"
  integrity sha512-3wdGidZyq5PB084XLES5TpOSRA3wjXAlIWMhum2kRcv/41Sn2emQ0dycQW4uZXLejwKvg6EsvbdlVL+FYEct7A==
